
Microsoft Visual Studio Solution File, Format Version 12.00
# Visual Studio Version 16
VisualStudioVersion = 16.0.31229.75
MinimumVisualStudioVersion = 10.0.40219.1
Project("{2150E333-8FDC-42A3-9474-1A3956D46DE8}") = "src", "src", "{C746A08B-A255-42FD-BDAF-4A5787E3A034}"
EndProject
Project("{2150E333-8FDC-42A3-9474-1A3956D46DE8}") = "Buildings Blocks", "Buildings Blocks", "{51636D32-589C-4974-97A4-496BC4B15A76}"
EndProject
Project("{2150E333-8FDC-42A3-9474-1A3956D46DE8}") = "Services", "Services", "{2A25D7CC-6F7A-4A0C-9369-478E618A9D02}"
EndProject
Project("{2150E333-8FDC-42A3-9474-1A3956D46DE8}") = "Web", "Web", "{AD7E3AAA-12E9-4EC5-AF8D-7C1F0D45BBC3}"
EndProject
Project("{2150E333-8FDC-42A3-9474-1A3956D46DE8}") = "Solution Items", "Solution Items", "{33D6095D-D00D-44EC-A1E3-BE9C2B3D0795}"
	ProjectSection(SolutionItems) = preProject
		..\..\REST-com-ASP.NET-Core-WebAPI\SolutionItems\global.json = ..\..\REST-com-ASP.NET-Core-WebAPI\SolutionItems\global.json
		ReadMe.txt = ReadMe.txt
	EndProjectSection
EndProject
Project("{2150E333-8FDC-42A3-9474-1A3956D46DE8}") = "Identidade", "Identidade", "{05C8ABC1-D67E-4405-8552-4CECDEF5B00C}"
EndProject
Project("{9A19103F-16F7-4668-BE54-9A1E7A4F7556}") = "NSE.Identidade.API", "src\services\NSE.Identidade.API\NSE.Identidade.API.csproj", "{A993A9F2-DFE6-438D-B961-83B9B181890C}"
EndProject
Project("{2150E333-8FDC-42A3-9474-1A3956D46DE8}") = "Core", "Core", "{2FA61D61-4ED8-4E71-B048-CFA2397F937D}"
EndProject
Project("{9A19103F-16F7-4668-BE54-9A1E7A4F7556}") = "NSE.Core", "src\building blocks\NSE.Core\NSE.Core.csproj", "{256DEFA4-A4F2-4FF8-B369-717495CCE222}"
EndProject
Project("{9A19103F-16F7-4668-BE54-9A1E7A4F7556}") = "NSE.WebApp.MVC", "src\web\NSE.WebApp.MVC\NSE.WebApp.MVC.csproj", "{E0903B30-5BF1-4C9E-BE52-6A295668B024}"
EndProject
Project("{2150E333-8FDC-42A3-9474-1A3956D46DE8}") = "Carrinho", "Carrinho", "{39AC6FC1-7417-4F59-BD82-ABBD02B39C57}"
EndProject
Project("{9A19103F-16F7-4668-BE54-9A1E7A4F7556}") = "NSE.Carrinho.API", "src\services\NSE.Carrinho.API\NSE.Carrinho.API.csproj", "{C2833F08-B522-4231-8A6B-258170C706EA}"
EndProject
Project("{2150E333-8FDC-42A3-9474-1A3956D46DE8}") = "Catalogo", "Catalogo", "{05BB7269-5F12-445E-8EC0-383AEBA98793}"
EndProject
Project("{2150E333-8FDC-42A3-9474-1A3956D46DE8}") = "Cliente", "Cliente", "{E747A5D8-5C3B-43DE-A08F-392570E3DEEE}"
EndProject
Project("{2150E333-8FDC-42A3-9474-1A3956D46DE8}") = "Pagamento", "Pagamento", "{56B9A53D-BEF5-4B44-BA0B-A593C59DC606}"
EndProject
Project("{2150E333-8FDC-42A3-9474-1A3956D46DE8}") = "Pedido", "Pedido", "{66021113-728E-4FAB-8880-19192C1A8FD8}"
EndProject
Project("{9A19103F-16F7-4668-BE54-9A1E7A4F7556}") = "NSE.Catalogo.API", "src\services\NSE.Catalogo.API\NSE.Catalogo.API.csproj", "{7AAE13F1-FFFD-473C-ABCE-10D7E83539C7}"
EndProject
Project("{9A19103F-16F7-4668-BE54-9A1E7A4F7556}") = "NSE.Cliente.API", "src\services\NSE.Cliente.API\NSE.Cliente.API.csproj", "{CB758267-8D8A-40F1-BFB7-2F71CC2F1016}"
EndProject
Project("{9A19103F-16F7-4668-BE54-9A1E7A4F7556}") = "NSE.Pagamento.API", "src\services\NSE.Pagamento.API\NSE.Pagamento.API.csproj", "{94039629-08B5-4913-B121-7C620330403F}"
EndProject
Project("{9A19103F-16F7-4668-BE54-9A1E7A4F7556}") = "NSE.Pedido.API", "src\services\NSE.Pedido.API\NSE.Pedido.API.csproj", "{E2F0A832-0848-4DA5-B870-E5D2873691F3}"
EndProject
Global
	GlobalSection(SolutionConfigurationPlatforms) = preSolution
		Debug|Any CPU = Debug|Any CPU
		Release|Any CPU = Release|Any CPU
	EndGlobalSection
	GlobalSection(ProjectConfigurationPlatforms) = postSolution
		{A993A9F2-DFE6-438D-B961-83B9B181890C}.Debug|Any CPU.ActiveCfg = Debug|Any CPU
		{A993A9F2-DFE6-438D-B961-83B9B181890C}.Debug|Any CPU.Build.0 = Debug|Any CPU
		{A993A9F2-DFE6-438D-B961-83B9B181890C}.Release|Any CPU.ActiveCfg = Release|Any CPU
		{A993A9F2-DFE6-438D-B961-83B9B181890C}.Release|Any CPU.Build.0 = Release|Any CPU
		{256DEFA4-A4F2-4FF8-B369-717495CCE222}.Debug|Any CPU.ActiveCfg = Debug|Any CPU
		{256DEFA4-A4F2-4FF8-B369-717495CCE222}.Debug|Any CPU.Build.0 = Debug|Any CPU
		{256DEFA4-A4F2-4FF8-B369-717495CCE222}.Release|Any CPU.ActiveCfg = Release|Any CPU
		{256DEFA4-A4F2-4FF8-B369-717495CCE222}.Release|Any CPU.Build.0 = Release|Any CPU
		{E0903B30-5BF1-4C9E-BE52-6A295668B024}.Debug|Any CPU.ActiveCfg = Debug|Any CPU
		{E0903B30-5BF1-4C9E-BE52-6A295668B024}.Debug|Any CPU.Build.0 = Debug|Any CPU
		{E0903B30-5BF1-4C9E-BE52-6A295668B024}.Release|Any CPU.ActiveCfg = Release|Any CPU
		{E0903B30-5BF1-4C9E-BE52-6A295668B024}.Release|Any CPU.Build.0 = Release|Any CPU
		{C2833F08-B522-4231-8A6B-258170C706EA}.Debug|Any CPU.ActiveCfg = Debug|Any CPU
		{C2833F08-B522-4231-8A6B-258170C706EA}.Debug|Any CPU.Build.0 = Debug|Any CPU
		{C2833F08-B522-4231-8A6B-258170C706EA}.Release|Any CPU.ActiveCfg = Release|Any CPU
		{C2833F08-B522-4231-8A6B-258170C706EA}.Release|Any CPU.Build.0 = Release|Any CPU
		{7AAE13F1-FFFD-473C-ABCE-10D7E83539C7}.Debug|Any CPU.ActiveCfg = Debug|Any CPU
		{7AAE13F1-FFFD-473C-ABCE-10D7E83539C7}.Debug|Any CPU.Build.0 = Debug|Any CPU
		{7AAE13F1-FFFD-473C-ABCE-10D7E83539C7}.Release|Any CPU.ActiveCfg = Release|Any CPU
		{7AAE13F1-FFFD-473C-ABCE-10D7E83539C7}.Release|Any CPU.Build.0 = Release|Any CPU
		{CB758267-8D8A-40F1-BFB7-2F71CC2F1016}.Debug|Any CPU.ActiveCfg = Debug|Any CPU
		{CB758267-8D8A-40F1-BFB7-2F71CC2F1016}.Debug|Any CPU.Build.0 = Debug|Any CPU
		{CB758267-8D8A-40F1-BFB7-2F71CC2F1016}.Release|Any CPU.ActiveCfg = Release|Any CPU
		{CB758267-8D8A-40F1-BFB7-2F71CC2F1016}.Release|Any CPU.Build.0 = Release|Any CPU
		{94039629-08B5-4913-B121-7C620330403F}.Debug|Any CPU.ActiveCfg = Debug|Any CPU
		{94039629-08B5-4913-B121-7C620330403F}.Debug|Any CPU.Build.0 = Debug|Any CPU
		{94039629-08B5-4913-B121-7C620330403F}.Release|Any CPU.ActiveCfg = Release|Any CPU
		{94039629-08B5-4913-B121-7C620330403F}.Release|Any CPU.Build.0 = Release|Any CPU
		{E2F0A832-0848-4DA5-B870-E5D2873691F3}.Debug|Any CPU.ActiveCfg = Debug|Any CPU
		{E2F0A832-0848-4DA5-B870-E5D2873691F3}.Debug|Any CPU.Build.0 = Debug|Any CPU
		{E2F0A832-0848-4DA5-B870-E5D2873691F3}.Release|Any CPU.ActiveCfg = Release|Any CPU
		{E2F0A832-0848-4DA5-B870-E5D2873691F3}.Release|Any CPU.Build.0 = Release|Any CPU
	EndGlobalSection
	GlobalSection(SolutionProperties) = preSolution
		HideSolutionNode = FALSE
	EndGlobalSection
	GlobalSection(NestedProjects) = preSolution
		{51636D32-589C-4974-97A4-496BC4B15A76} = {C746A08B-A255-42FD-BDAF-4A5787E3A034}
		{2A25D7CC-6F7A-4A0C-9369-478E618A9D02} = {C746A08B-A255-42FD-BDAF-4A5787E3A034}
		{AD7E3AAA-12E9-4EC5-AF8D-7C1F0D45BBC3} = {C746A08B-A255-42FD-BDAF-4A5787E3A034}
		{05C8ABC1-D67E-4405-8552-4CECDEF5B00C} = {2A25D7CC-6F7A-4A0C-9369-478E618A9D02}
		{A993A9F2-DFE6-438D-B961-83B9B181890C} = {05C8ABC1-D67E-4405-8552-4CECDEF5B00C}
		{2FA61D61-4ED8-4E71-B048-CFA2397F937D} = {51636D32-589C-4974-97A4-496BC4B15A76}
		{256DEFA4-A4F2-4FF8-B369-717495CCE222} = {2FA61D61-4ED8-4E71-B048-CFA2397F937D}
		{E0903B30-5BF1-4C9E-BE52-6A295668B024} = {AD7E3AAA-12E9-4EC5-AF8D-7C1F0D45BBC3}
		{39AC6FC1-7417-4F59-BD82-ABBD02B39C57} = {2A25D7CC-6F7A-4A0C-9369-478E618A9D02}
		{C2833F08-B522-4231-8A6B-258170C706EA} = {39AC6FC1-7417-4F59-BD82-ABBD02B39C57}
		{05BB7269-5F12-445E-8EC0-383AEBA98793} = {2A25D7CC-6F7A-4A0C-9369-478E618A9D02}
		{E747A5D8-5C3B-43DE-A08F-392570E3DEEE} = {2A25D7CC-6F7A-4A0C-9369-478E618A9D02}
		{56B9A53D-BEF5-4B44-BA0B-A593C59DC606} = {2A25D7CC-6F7A-4A0C-9369-478E618A9D02}
		{66021113-728E-4FAB-8880-19192C1A8FD8} = {2A25D7CC-6F7A-4A0C-9369-478E618A9D02}
		{7AAE13F1-FFFD-473C-ABCE-10D7E83539C7} = {05BB7269-5F12-445E-8EC0-383AEBA98793}
		{CB758267-8D8A-40F1-BFB7-2F71CC2F1016} = {E747A5D8-5C3B-43DE-A08F-392570E3DEEE}
		{94039629-08B5-4913-B121-7C620330403F} = {56B9A53D-BEF5-4B44-BA0B-A593C59DC606}
		{E2F0A832-0848-4DA5-B870-E5D2873691F3} = {66021113-728E-4FAB-8880-19192C1A8FD8}
	EndGlobalSection
	GlobalSection(ExtensibilityGlobals) = postSolution
		SolutionGuid = {DB40B768-86E7-4333-B9A0-F72F19220500}
	EndGlobalSection
EndGlobal
